  EF2026_Higher:
    Demand:
      COMELCB02:
        specified_annual_demand: [60.824, 60.249, 59.654, 61.7685, 63.2562, 64.2888, 65.1745, 65.5388, 67.6936, 83.8452, 85.0166, 86.3723, 87.5373, 88.7959, 90.3501, 92.1253, 93.9155, 95.7072, 97.414, 99.1789, 101.6212, 104.2612, 106.9617, 109.6329, 112.3596, 115.4875, 118.9077, 122.4707, 126.0566, 129.9008]
      INDELCB02:
        specified_annual_demand: [88.0486, 86.9117, 85.3515, 84.776, 88.504, 93.8038, 97.1905, 101.5138, 109.5277, 115.0365, 117.2175, 119.5607, 128.69, 145.0132, 154.5665, 157.1436, 159.3233, 168.2277, 184.2443, 193.2781, 194.8989, 196.4145, 204.9358, 220.6916, 229.3065, 230.9662, 232.5866, 234.1513, 235.4618, 237.0623]
      RESELCB02:
        specified_annual_demand: [74.8686, 77.2359, 73.8251, 74.8291, 74.4647, 74.078, 73.8107, 73.905, 74.1426, 74.4617, 74.9444, 75.5257, 76.1331, 76.72, 77.5095, 78.4456, 79.3542, 80.2233, 81.1197, 82.0099, 82.902, 83.8136, 84.7489, 85.6465, 86.5279, 87.5023, 88.4651, 89.402, 90.2599, 91.1728]
      TRAELCB02:
        specified_annual_demand: [1.4089, 1.6937, 2.1583, 3.5263, 4.036, 4.5757, 5.359, 6.4214, 7.7409, 9.3386, 10.8776, 12.3358, 13.6722, 14.9275, 16.2218, 17.5403, 18.7867, 19.9621, 21.1116, 22.1962, 23.1986, 24.147, 25.041, 25.8998, 26.6823, 27.4748, 28.2149, 28.9024, 29.4796, 30.0479]
    EMISSION: {}
    TECHS:
      CCS01:
        capital_cost: 9999
        total_annual_max_capacity: 0.2
        operational_life: 25
        total_annual_max_capacity_investment: [0, 0, 0, 0, 0, 1]
      HDG01:
        operational_life: 25
        total_annual_max_capacity: 0.2
        total_annual_max_capacity_investment: [0, 0, 0, 0, 0, 1]
