workflow/check_flags/otoole_ResultsFile_genrated.check
workflow/check_flags/dashboard_deployed.check
RES/BCNexus_RES.png
workflow/docs/CBC_solution.sol
workflow/processed_data.txt
workflow/processed_model_BCNexus.txt
workflow/check_flags/otoole_ResultsFile_genrated.check
workflow/scripts/scenario_dash_data_organize.py
workflow/check_flags/otoole_datafile_prepared.check
workflow/data.txt
data
